
Microsoft Visual Studio Solution File, Format Version 12.00
# Visual Studio 15
VisualStudioVersion = 15.0.26228.10
MinimumVisualStudioVersion = 10.0.40219.1
Project("{FAE04EC0-301F-11D3-BF4B-00C04F79EFBC}") = "LakkaPlaylistTool", "LakkaPlaylistTool\LakkaPlaylistTool.csproj", "{8174C56B-3AA9-477A-9333-C17B1AD48EAD}"
EndProject
Global
	GlobalSection(SolutionConfigurationPlatforms) = preSolution
		Debug|Any CPU = Debug|Any CPU
		Release|Any CPU = Release|Any CPU
	EndGlobalSection
	GlobalSection(ProjectConfigurationPlatforms) = postSolution
		{8174C56B-3AA9-477A-9333-C17B1AD48EAD}.Debug|Any CPU.ActiveCfg = Debug|Any CPU
		{8174C56B-3AA9-477A-9333-C17B1AD48EAD}.Debug|Any CPU.Build.0 = Debug|Any CPU
		{8174C56B-3AA9-477A-9333-C17B1AD48EAD}.Release|Any CPU.ActiveCfg = Release|Any CPU
		{8174C56B-3AA9-477A-9333-C17B1AD48EAD}.Release|Any CPU.Build.0 = Release|Any CPU
	EndGlobalSection
	GlobalSection(SolutionProperties) = preSolution
		HideSolutionNode = FALSE
	EndGlobalSection
EndGlobal
